
Microsoft Visual Studio Solution File, Format Version 12.00
# Visual Studio Version 17
VisualStudioVersion = 17.10.35122.118
MinimumVisualStudioVersion = 10.0.40219.1
Project("{FAE04EC0-301F-11D3-BF4B-00C04F79EFBC}") = "DesafioAPIGestaoLivraria", "DesafioAPIGestaoLivraria.csproj", "{9DAF16FA-426D-4328-9420-149DA3F44712}"
EndProject
Global
	GlobalSection(SolutionConfigurationPlatforms) = preSolution
		Debug|Any CPU = Debug|Any CPU
		Release|Any CPU = Release|Any CPU
	EndGlobalSection
	GlobalSection(ProjectConfigurationPlatforms) = postSolution
		{9DAF16FA-426D-4328-9420-149DA3F44712}.Debug|Any CPU.ActiveCfg = Debug|Any CPU
		{9DAF16FA-426D-4328-9420-149DA3F44712}.Debug|Any CPU.Build.0 = Debug|Any CPU
		{9DAF16FA-426D-4328-9420-149DA3F44712}.Release|Any CPU.ActiveCfg = Release|Any CPU
		{9DAF16FA-426D-4328-9420-149DA3F44712}.Release|Any CPU.Build.0 = Release|Any CPU
	EndGlobalSection
	GlobalSection(SolutionProperties) = preSolution
		HideSolutionNode = FALSE
	EndGlobalSection
	GlobalSection(ExtensibilityGlobals) = postSolution
		SolutionGuid = {808D2CCC-E7D3-4159-B9BA-A17A7A9F6B64}
	EndGlobalSection
EndGlobal
